
Microsoft Visual Studio Solution File, Format Version 12.00
# Visual Studio Version 17
VisualStudioVersion = 17.0.31903.59
MinimumVisualStudioVersion = 10.0.40219.1
Project("{2150E333-8FDC-42A3-9474-1A3956D46DE8}") = "src", "src", "{044EAEA6-5A19-4CFA-BFD7-248A9A133FBD}"
EndProject
Project("{2150E333-8FDC-42A3-9474-1A3956D46DE8}") = "Coutryhead", "Coutryhead", "{114AB1F2-27EA-474A-A8D7-EF2D05302BA6}"
EndProject
Project("{9A19103F-16F7-4668-BE54-9A1E7A4F7556}") = "cInApi", "src\Coutryhead\India\cInApi.csproj", "{294CB4AC-823C-42B6-B682-02BC7AFC22E5}"
EndProject
Project("{9A19103F-16F7-4668-BE54-9A1E7A4F7556}") = "cBaApi", "src\Coutryhead\Bangladesh\cBaApi.csproj", "{079D26BB-9810-4CF2-96F5-EACF0BA51D4A}"
EndProject
Project("{2150E333-8FDC-42A3-9474-1A3956D46DE8}") = "Factories", "Factories", "{0D1D5DC4-CE0B-4874-A3DA-ABBB58C6B2E9}"
EndProject
Project("{2150E333-8FDC-42A3-9474-1A3956D46DE8}") = "Bangladesh", "Bangladesh", "{94026E7D-151C-4FE8-A784-8D9447C771CA}"
EndProject
Project("{9A19103F-16F7-4668-BE54-9A1E7A4F7556}") = "fDhakaApi", "src\Factories\Bangladesh\Daka\fDhakaApi.csproj", "{5EA9C3EC-AEFA-462D-8E03-412430C375FD}"
EndProject
Project("{2150E333-8FDC-42A3-9474-1A3956D46DE8}") = "India", "India", "{8A60E364-8184-433E-81EA-D7CD4580D7B1}"
EndProject
Project("{9A19103F-16F7-4668-BE54-9A1E7A4F7556}") = "fBangaloreApi", "src\Factories\India\Bangalore\fBangaloreApi.csproj", "{D422D17A-C786-4BCA-9414-C928FDA6B44F}"
EndProject
Project("{9A19103F-16F7-4668-BE54-9A1E7A4F7556}") = "fKolkataApi", "src\Factories\India\Kolkata\fKolkataApi.csproj", "{2BB3F124-10B0-4CEA-AB22-9DAA81116511}"
EndProject
Project("{9A19103F-16F7-4668-BE54-9A1E7A4F7556}") = "fHyderabadApi", "src\Factories\India\Hyderabad\fHyderabadApi.csproj", "{28747E77-2AD8-43B4-B059-01DD33FCE130}"
EndProject
Project("{2150E333-8FDC-42A3-9474-1A3956D46DE8}") = "Global", "Global", "{1E044A4C-412A-4B7F-964C-3C566B19A78D}"
EndProject
Project("{9A19103F-16F7-4668-BE54-9A1E7A4F7556}") = "GlobalView", "src\Global\GlobalView\GlobalView.csproj", "{71C27B5D-71C3-42D7-AD6F-2E346AE347C2}"
EndProject
Project("{2150E333-8FDC-42A3-9474-1A3956D46DE8}") = "India", "India", "{F3B716AE-696E-4B03-ADE8-27F278824050}"
EndProject
Project("{2150E333-8FDC-42A3-9474-1A3956D46DE8}") = "Solution Items", "Solution Items", "{42708142-3207-448C-AA8E-B1D6202F6B46}"
	ProjectSection(SolutionItems) = preProject
		.editorconfig = .editorconfig
	EndProjectSection
EndProject
Project("{2150E333-8FDC-42A3-9474-1A3956D46DE8}") = "Bangladesh", "Bangladesh", "{8F943233-4023-481D-BDC9-4DD5C0E17F25}"
EndProject
Global
	GlobalSection(SolutionConfigurationPlatforms) = preSolution
		Debug|Any CPU = Debug|Any CPU
		Release|Any CPU = Release|Any CPU
	EndGlobalSection
	GlobalSection(ProjectConfigurationPlatforms) = postSolution
		{294CB4AC-823C-42B6-B682-02BC7AFC22E5}.Debug|Any CPU.ActiveCfg = Debug|Any CPU
		{294CB4AC-823C-42B6-B682-02BC7AFC22E5}.Debug|Any CPU.Build.0 = Debug|Any CPU
		{294CB4AC-823C-42B6-B682-02BC7AFC22E5}.Release|Any CPU.ActiveCfg = Release|Any CPU
		{294CB4AC-823C-42B6-B682-02BC7AFC22E5}.Release|Any CPU.Build.0 = Release|Any CPU
		{079D26BB-9810-4CF2-96F5-EACF0BA51D4A}.Debug|Any CPU.ActiveCfg = Debug|Any CPU
		{079D26BB-9810-4CF2-96F5-EACF0BA51D4A}.Debug|Any CPU.Build.0 = Debug|Any CPU
		{079D26BB-9810-4CF2-96F5-EACF0BA51D4A}.Release|Any CPU.ActiveCfg = Release|Any CPU
		{079D26BB-9810-4CF2-96F5-EACF0BA51D4A}.Release|Any CPU.Build.0 = Release|Any CPU
		{5EA9C3EC-AEFA-462D-8E03-412430C375FD}.Debug|Any CPU.ActiveCfg = Debug|Any CPU
		{5EA9C3EC-AEFA-462D-8E03-412430C375FD}.Debug|Any CPU.Build.0 = Debug|Any CPU
		{5EA9C3EC-AEFA-462D-8E03-412430C375FD}.Release|Any CPU.ActiveCfg = Release|Any CPU
		{5EA9C3EC-AEFA-462D-8E03-412430C375FD}.Release|Any CPU.Build.0 = Release|Any CPU
		{D422D17A-C786-4BCA-9414-C928FDA6B44F}.Debug|Any CPU.ActiveCfg = Debug|Any CPU
		{D422D17A-C786-4BCA-9414-C928FDA6B44F}.Debug|Any CPU.Build.0 = Debug|Any CPU
		{D422D17A-C786-4BCA-9414-C928FDA6B44F}.Release|Any CPU.ActiveCfg = Release|Any CPU
		{D422D17A-C786-4BCA-9414-C928FDA6B44F}.Release|Any CPU.Build.0 = Release|Any CPU
		{2BB3F124-10B0-4CEA-AB22-9DAA81116511}.Debug|Any CPU.ActiveCfg = Debug|Any CPU
		{2BB3F124-10B0-4CEA-AB22-9DAA81116511}.Debug|Any CPU.Build.0 = Debug|Any CPU
		{2BB3F124-10B0-4CEA-AB22-9DAA81116511}.Release|Any CPU.ActiveCfg = Release|Any CPU
		{2BB3F124-10B0-4CEA-AB22-9DAA81116511}.Release|Any CPU.Build.0 = Release|Any CPU
		{28747E77-2AD8-43B4-B059-01DD33FCE130}.Debug|Any CPU.ActiveCfg = Debug|Any CPU
		{28747E77-2AD8-43B4-B059-01DD33FCE130}.Debug|Any CPU.Build.0 = Debug|Any CPU
		{28747E77-2AD8-43B4-B059-01DD33FCE130}.Release|Any CPU.ActiveCfg = Release|Any CPU
		{28747E77-2AD8-43B4-B059-01DD33FCE130}.Release|Any CPU.Build.0 = Release|Any CPU
		{71C27B5D-71C3-42D7-AD6F-2E346AE347C2}.Debug|Any CPU.ActiveCfg = Debug|Any CPU
		{71C27B5D-71C3-42D7-AD6F-2E346AE347C2}.Debug|Any CPU.Build.0 = Debug|Any CPU
		{71C27B5D-71C3-42D7-AD6F-2E346AE347C2}.Release|Any CPU.ActiveCfg = Release|Any CPU
		{71C27B5D-71C3-42D7-AD6F-2E346AE347C2}.Release|Any CPU.Build.0 = Release|Any CPU
	EndGlobalSection
	GlobalSection(SolutionProperties) = preSolution
		HideSolutionNode = FALSE
	EndGlobalSection
	GlobalSection(NestedProjects) = preSolution
		{114AB1F2-27EA-474A-A8D7-EF2D05302BA6} = {044EAEA6-5A19-4CFA-BFD7-248A9A133FBD}
		{294CB4AC-823C-42B6-B682-02BC7AFC22E5} = {F3B716AE-696E-4B03-ADE8-27F278824050}
		{079D26BB-9810-4CF2-96F5-EACF0BA51D4A} = {8F943233-4023-481D-BDC9-4DD5C0E17F25}
		{0D1D5DC4-CE0B-4874-A3DA-ABBB58C6B2E9} = {044EAEA6-5A19-4CFA-BFD7-248A9A133FBD}
		{94026E7D-151C-4FE8-A784-8D9447C771CA} = {0D1D5DC4-CE0B-4874-A3DA-ABBB58C6B2E9}
		{5EA9C3EC-AEFA-462D-8E03-412430C375FD} = {94026E7D-151C-4FE8-A784-8D9447C771CA}
		{8A60E364-8184-433E-81EA-D7CD4580D7B1} = {0D1D5DC4-CE0B-4874-A3DA-ABBB58C6B2E9}
		{D422D17A-C786-4BCA-9414-C928FDA6B44F} = {8A60E364-8184-433E-81EA-D7CD4580D7B1}
		{2BB3F124-10B0-4CEA-AB22-9DAA81116511} = {8A60E364-8184-433E-81EA-D7CD4580D7B1}
		{28747E77-2AD8-43B4-B059-01DD33FCE130} = {8A60E364-8184-433E-81EA-D7CD4580D7B1}
		{1E044A4C-412A-4B7F-964C-3C566B19A78D} = {044EAEA6-5A19-4CFA-BFD7-248A9A133FBD}
		{71C27B5D-71C3-42D7-AD6F-2E346AE347C2} = {1E044A4C-412A-4B7F-964C-3C566B19A78D}
		{F3B716AE-696E-4B03-ADE8-27F278824050} = {114AB1F2-27EA-474A-A8D7-EF2D05302BA6}
		{8F943233-4023-481D-BDC9-4DD5C0E17F25} = {114AB1F2-27EA-474A-A8D7-EF2D05302BA6}
	EndGlobalSection
	GlobalSection(ExtensibilityGlobals) = postSolution
		SolutionGuid = {DDA7B87F-7CE9-4421-B7A2-A858F7DBF6D0}
	EndGlobalSection
EndGlobal
